
Microsoft Visual Studio Solution File, Format Version 12.00
Project("{FAE04EC0-301F-11D3-BF4B-00C04F79EFBC}") = "VendorService", "VendorService.csproj", "{010D4E77-1E16-498B-9C9C-E5A76678DDBB}"
EndProject
Project("{2150E333-8FDC-42A3-9474-1A3956D46DE8}") = "Solution Items", "Solution Items", "{602CE03D-95B7-4964-B133-427C63FA2E23}"
	ProjectSection(SolutionItems) = preProject
		compose.yaml = compose.yaml
	EndProjectSection
EndProject
Global
	GlobalSection(SolutionConfigurationPlatforms) = preSolution
		Debug|Any CPU = Debug|Any CPU
		Release|Any CPU = Release|Any CPU
	EndGlobalSection
	GlobalSection(ProjectConfigurationPlatforms) = postSolution
		{010D4E77-1E16-498B-9C9C-E5A76678DDBB}.Debug|Any CPU.ActiveCfg = Debug|Any CPU
		{010D4E77-1E16-498B-9C9C-E5A76678DDBB}.Debug|Any CPU.Build.0 = Debug|Any CPU
		{010D4E77-1E16-498B-9C9C-E5A76678DDBB}.Release|Any CPU.ActiveCfg = Release|Any CPU
		{010D4E77-1E16-498B-9C9C-E5A76678DDBB}.Release|Any CPU.Build.0 = Release|Any CPU
	EndGlobalSection
EndGlobal
